
Microsoft Visual Studio Solution File, Format Version 12.00
# Visual Studio Version 16
VisualStudioVersion = 16.0.30406.217
MinimumVisualStudioVersion = 10.0.40219.1
Project("{FAE04EC0-301F-11D3-BF4B-00C04F79EFBC}") = "ConsoleApp2", "ConsoleApp2\ConsoleApp2.csproj", "{622330D2-66C4-4D8A-9B99-1DE2BC8DCD96}"
EndProject
Global
	GlobalSection(SolutionConfigurationPlatforms) = preSolution
		Debug|Any CPU = Debug|Any CPU
		Release|Any CPU = Release|Any CPU
	EndGlobalSection
	GlobalSection(ProjectConfigurationPlatforms) = postSolution
		{622330D2-66C4-4D8A-9B99-1DE2BC8DCD96}.Debug|Any CPU.ActiveCfg = Debug|Any CPU
		{622330D2-66C4-4D8A-9B99-1DE2BC8DCD96}.Debug|Any CPU.Build.0 = Debug|Any CPU
		{622330D2-66C4-4D8A-9B99-1DE2BC8DCD96}.Release|Any CPU.ActiveCfg = Release|Any CPU
		{622330D2-66C4-4D8A-9B99-1DE2BC8DCD96}.Release|Any CPU.Build.0 = Release|Any CPU
	EndGlobalSection
	GlobalSection(SolutionProperties) = preSolution
		HideSolutionNode = FALSE
	EndGlobalSection
	GlobalSection(ExtensibilityGlobals) = postSolution
		SolutionGuid = {492C86E1-A3E4-4B4F-BE48-8029272ED9AB}
	EndGlobalSection
EndGlobal
